
Microsoft Visual Studio Solution File, Format Version 12.00
# Visual Studio Version 17
VisualStudioVersion = 17.0.31903.59
MinimumVisualStudioVersion = 10.0.40219.1
Project("{2150E333-8FDC-42A3-9474-1A3956D46DE8}") = "src", "src", "{717624E1-BC76-4DC1-8C84-4F828B0BBE08}"
EndProject
Project("{FAE04EC0-301F-11D3-BF4B-00C04F79EFBC}") = "ProjectManagement.Web", "src\ProjectManagement.Web\ProjectManagement.Web.csproj", "{38C3DFBB-71F5-497E-AA5E-BA7346EC96FA}"
EndProject
Global
	GlobalSection(SolutionConfigurationPlatforms) = preSolution
		Debug|Any CPU = Debug|Any CPU
		Release|Any CPU = Release|Any CPU
	EndGlobalSection
	GlobalSection(SolutionProperties) = preSolution
		HideSolutionNode = FALSE
	EndGlobalSection
	GlobalSection(ProjectConfigurationPlatforms) = postSolution
		{38C3DFBB-71F5-497E-AA5E-BA7346EC96FA}.Debug|Any CPU.ActiveCfg = Debug|Any CPU
		{38C3DFBB-71F5-497E-AA5E-BA7346EC96FA}.Debug|Any CPU.Build.0 = Debug|Any CPU
		{38C3DFBB-71F5-497E-AA5E-BA7346EC96FA}.Release|Any CPU.ActiveCfg = Release|Any CPU
		{38C3DFBB-71F5-497E-AA5E-BA7346EC96FA}.Release|Any CPU.Build.0 = Release|Any CPU
	EndGlobalSection
	GlobalSection(NestedProjects) = preSolution
		{38C3DFBB-71F5-497E-AA5E-BA7346EC96FA} = {717624E1-BC76-4DC1-8C84-4F828B0BBE08}
	EndGlobalSection
EndGlobal
